// !$*UTF8*$!
{
	archiveVersion = 1;
	classes = {
	};
	objectVersion = 56;
	objects = {

/* Begin PBXBuildFile section */
		884CA99C2A68214300133D9D /* AppDelegate.swift in Sources */ = {isa = PBXBuildFile; fileRef = 884CA99B2A68214300133D9D /* AppDelegate.swift */; };
		884CA99E2A68214300133D9D /* SceneDelegate.swift in Sources */ = {isa = PBXBuildFile; fileRef = 884CA99D2A68214300133D9D /* SceneDelegate.swift */; };
		884CA9A02A68214300133D9D /* ViewController.swift in Sources */ = {isa = PBXBuildFile; fileRef = 884CA99F2A68214300133D9D /* ViewController.swift */; };
		884CA9A32A68214300133D9D /* Main.storyboard in Resources */ = {isa = PBXBuildFile; fileRef = 884CA9A12A68214300133D9D /* Main.storyboard */; };
		884CA9A52A68214400133D9D /* Assets.xcassets in Resources */ = {isa = PBXBuildFile; fileRef = 884CA9A42A68214400133D9D /* Assets.xcassets */; };
		884CA9A82A68214400133D9D /* LaunchScreen.storyboard in Resources */ = {isa = PBXBuildFile; fileRef = 884CA9A62A68214400133D9D /* LaunchScreen.storyboard */; };
		884CA9B12A68332300133D9D /* UserDetailsModel.swift in Sources */ = {isa = PBXBuildFile; fileRef = 884CA9B02A68332300133D9D /* UserDetailsModel.swift */; };
		884CAA382A704B0F00133D9D /* UserList.swift in Sources */ = {isa = PBXBuildFile; fileRef = 884CAA372A704B0F00133D9D /* UserList.swift */; };
/* End PBXBuildFile section */

/* Begin PBXFileReference section */
		884CA9982A68214300133D9D /* Itika's Task.app */ = {isa = PBXFileReference; explicitFileType = wrapper.application; includeInIndex = 0; path = "Itika's Task.app"; sourceTree = BUILT_PRODUCTS_DIR; };
		884CA99B2A68214300133D9D /* AppDelegate.swift */ = {isa = PBXFileReference; lastKnownFileType = sourcecode.swift; path = AppDelegate.swift; sourceTree = "<group>"; };
		884CA99D2A68214300133D9D /* SceneDelegate.swift */ = {isa = PBXFileReference; lastKnownFileType = sourcecode.swift; path = SceneDelegate.swift; sourceTree = "<group>"; };
		884CA99F2A68214300133D9D /* ViewController.swift */ = {isa = PBXFileReference; lastKnownFileType = sourcecode.swift; path = ViewController.swift; sourceTree = "<group>"; };
		884CA9A22A68214300133D9D /* Base */ = {isa = PBXFileReference; lastKnownFileType = file.storyboard; name = Base; path = Base.lproj/Main.storyboard; sourceTree = "<group>"; };
		884CA9A42A68214400133D9D /* Assets.xcassets */ = {isa = PBXFileReference; lastKnownFileType = folder.assetcatalog; path = Assets.xcassets; sourceTree = "<group>"; };
		884CA9A72A68214400133D9D /* Base */ = {isa = PBXFileReference; lastKnownFileType = file.storyboard; name = Base; path = Base.lproj/LaunchScreen.storyboard; sourceTree = "<group>"; };
		884CA9A92A68214400133D9D /* Info.plist */ = {isa = PBXFileReference; lastKnownFileType = text.plist.xml; path = Info.plist; sourceTree = "<group>"; };
		884CA9B02A68332300133D9D /* UserDetailsModel.swift */ = {isa = PBXFileReference; lastKnownFileType = sourcecode.swift; path = UserDetailsModel.swift; sourceTree = "<group>"; };
		884CAA372A704B0F00133D9D /* UserList.swift */ = {isa = PBXFileReference; lastKnownFileType = sourcecode.swift; path = UserList.swift; sourceTree = "<group>"; };
/* End PBXFileReference section */

/* Begin PBXFrameworksBuildPhase section */
		884CA9952A68214300133D9D /* Frameworks */ = {
			isa = PBXFrameworksBuildPhase;
			buildActionMask = 2147483647;
			files = (
			);
			runOnlyForDeploymentPostprocessing = 0;
		};
/* End PBXFrameworksBuildPhase section */

/* Begin PBXGroup section */
		884CA98F2A68214300133D9D = {
			isa = PBXGroup;
			children = (
				884CA99A2A68214300133D9D /* Itika's Task */,
				884CA9992A68214300133D9D /* Products */,
			);
			sourceTree = "<group>";
		};
		884CA9992A68214300133D9D /* Products */ = {
			isa = PBXGroup;
			children = (
				884CA9982A68214300133D9D /* Itika's Task.app */,
			);
			name = Products;
			sourceTree = "<group>";
		};
		884CA99A2A68214300133D9D /* Itika's Task */ = {
			isa = PBXGroup;
			children = (
				884CA9B42A6849A800133D9D /* Applications */,
				884CA9B72A684B0A00133D9D /* ViewController */,
				884CA9AF2A68330300133D9D /* Model */,
				884CA9B52A684A2600133D9D /* Storyboard */,
				884CA9A92A68214400133D9D /* Info.plist */,
				884CA9A42A68214400133D9D /* Assets.xcassets */,
			);
			path = "Itika's Task";
			sourceTree = "<group>";
		};
		884CA9AF2A68330300133D9D /* Model */ = {
			isa = PBXGroup;
			children = (
				884CA9B02A68332300133D9D /* UserDetailsModel.swift */,
				884CAA372A704B0F00133D9D /* UserList.swift */,
			);
			path = Model;
			sourceTree = "<group>";
		};
		884CA9B42A6849A800133D9D /* Applications */ = {
			isa = PBXGroup;
			children = (
				884CA99B2A68214300133D9D /* AppDelegate.swift */,
				884CA99D2A68214300133D9D /* SceneDelegate.swift */,
			);
			path = Applications;
			sourceTree = "<group>";
		};
		884CA9B52A684A2600133D9D /* Storyboard */ = {
			isa = PBXGroup;
			children = (
				884CA9A12A68214300133D9D /* Main.storyboard */,
				884CA9A62A68214400133D9D /* LaunchScreen.storyboard */,
			);
			path = Storyboard;
			sourceTree = "<group>";
		};
		884CA9B72A684B0A00133D9D /* ViewController */ = {
			isa = PBXGroup;
			children = (
				884CA99F2A68214300133D9D /* ViewController.swift */,
			);
			path = ViewController;
			sourceTree = "<group>";
		};
/* End PBXGroup section */

/* Begin PBXNativeTarget section */
		884CA9972A68214300133D9D /* Itika's Task */ = {
			isa = PBXNativeTarget;
			buildConfigurationList = 884CA9AC2A68214400133D9D /* Build configuration list for PBXNativeTarget "Itika's Task" */;
			buildPhases = (
				884CA9942A68214300133D9D /* Sources */,
				884CA9952A68214300133D9D /* Frameworks */,
				884CA9962A68214300133D9D /* Resources */,
			);
			buildRules = (
			);
			dependencies = (
			);
			name = "Itika's Task";
			productName = "Itika's Task";
			productReference = 884CA9982A68214300133D9D /* Itika's Task.app */;
			productType = "com.apple.product-type.application";
		};
/* End PBXNativeTarget section */

/* Begin PBXProject section */
		884CA9902A68214300133D9D /* Project object */ = {
			isa = PBXProject;
			attributes = {
				BuildIndependentTargetsInParallel = 1;
				LastSwiftUpdateCheck = 1430;
				LastUpgradeCheck = 1430;
				TargetAttributes = {
					884CA9972A68214300133D9D = {
						CreatedOnToolsVersion = 14.3;
					};
				};
			};
			buildConfigurationList = 884CA9932A68214300133D9D /* Build configuration list for PBXProject "Itika's Task" */;
			compatibilityVersion = "Xcode 14.0";
			developmentRegion = en;
			hasScannedForEncodings = 0;
			knownRegions = (
				en,
				Base,
			);
			mainGroup = 884CA98F2A68214300133D9D;
			productRefGroup = 884CA9992A68214300133D9D /* Products */;
			projectDirPath = "";
			projectRoot = "";
			targets = (
				884CA9972A68214300133D9D /* Itika's Task */,
			);
		};
/* End PBXProject section */

/* Begin PBXResourcesBuildPhase section */
		884CA9962A68214300133D9D /* Resources */ = {
			isa = PBXResourcesBuildPhase;
			buildActionMask = 2147483647;
			files = (
				884CA9A82A68214400133D9D /* LaunchScreen.storyboard in Resources */,
				884CA9A52A68214400133D9D /* Assets.xcassets in Resources */,
				884CA9A32A68214300133D9D /* Main.storyboard in Resources */,
			);
			runOnlyForDeploymentPostprocessing = 0;
		};
/* End PBXResourcesBuildPhase section */

/* Begin PBXSourcesBuildPhase section */
		884CA9942A68214300133D9D /* Sources */ = {
			isa = PBXSourcesBuildPhase;
			buildActionMask = 2147483647;
			files = (
				884CAA382A704B0F00133D9D /* UserList.swift in Sources */,
				884CA9A02A68214300133D9D /* ViewController.swift in Sources */,
				884CA99C2A68214300133D9D /* AppDelegate.swift in Sources */,
				884CA99E2A68214300133D9D /* SceneDelegate.swift in Sources */,
				884CA9B12A68332300133D9D /* UserDetailsModel.swift in Sources */,
			);
			runOnlyForDeploymentPostprocessing = 0;
		};
/* End PBXSourcesBuildPhase section */

/* Begin PBXVariantGroup section */
		884CA9A12A68214300133D9D /* Main.storyboard */ = {
			isa = PBXVariantGroup;
			children = (
				884CA9A22A68214300133D9D /* Base */,
			);
			name = Main.storyboard;
			sourceTree = "<group>";
		};
		884CA9A62A68214400133D9D /* LaunchScreen.storyboard */ = {
			isa = PBXVariantGroup;
			children = (
				884CA9A72A68214400133D9D /* Base */,
			);
			name = LaunchScreen.storyboard;
			sourceTree = "<group>";
		};
/* End PBXVariantGroup section */

/* Begin XCBuildConfiguration section */
		884CA9AA2A68214400133D9D /* Debug */ = {
			isa = XCBuildConfiguration;
			buildSettings = {
				ALWAYS_SEARCH_USER_PATHS = NO;
				CLANG_ANALYZER_NONNULL = YES;
				CLANG_ANALYZER_NUMBER_OBJECT_CONVERSION = YES_AGGRESSIVE;
				CLANG_CXX_LANGUAGE_STANDARD = "gnu++20";
				CLANG_ENABLE_MODULES = YES;
				CLANG_ENABLE_OBJC_ARC = YES;
				CLANG_ENABLE_OBJC_WEAK = YES;
				CLANG_WARN_BLOCK_CAPTURE_AUTORELEASING = YES;
				CLANG_WARN_BOOL_CONVERSION = YES;
				CLANG_WARN_COMMA = YES;
				CLANG_WARN_CONSTANT_CONVERSION = YES;
				CLANG_WARN_DEPRECATED_OBJC_IMPLEMENTATIONS = YES;
				CLANG_WARN_DIRECT_OBJC_ISA_USAGE = YES_ERROR;
				CLANG_WARN_DOCUMENTATION_COMMENTS = YES;
				CLANG_WARN_EMPTY_BODY = YES;
				CLANG_WARN_ENUM_CONVERSION = YES;
				CLANG_WARN_INFINITE_RECURSION = YES;
				CLANG_WARN_INT_CONVERSION = YES;
				CLANG_WARN_NON_LITERAL_NULL_CONVERSION = YES;
				CLANG_WARN_OBJC_IMPLICIT_RETAIN_SELF = YES;
				CLANG_WARN_OBJC_LITERAL_CONVERSION = YES;
				CLANG_WARN_OBJC_ROOT_CLASS = YES_ERROR;
				CLANG_WARN_QUOTED_INCLUDE_IN_FRAMEWORK_HEADER = YES;
				CLANG_WARN_RANGE_LOOP_ANALYSIS = YES;
				CLANG_WARN_STRICT_PROTOTYPES = YES;
				CLANG_WARN_SUSPICIOUS_MOVE = YES;
				CLANG_WARN_UNGUARDED_AVAILABILITY = YES_AGGRESSIVE;
				CLANG_WARN_UNREACHABLE_CODE = YES;
				CLANG_WARN__DUPLICATE_METHOD_MATCH = YES;
				COPY_PHASE_STRIP = NO;
				DEBUG_INFORMATION_FORMAT = dwarf;
				ENABLE_STRICT_OBJC_MSGSEND = YES;
				ENABLE_TESTABILITY = YES;
				GCC_C_LANGUAGE_STANDARD = gnu11;
				GCC_DYNAMIC_NO_PIC = NO;
				GCC_NO_COMMON_BLOCKS = YES;
				GCC_OPTIMIZATION_LEVEL = 0;
				GCC_PREPROCESSOR_DEFINITIONS = (
					"DEBUG=1",
					"$(inherited)",
				);
				GCC_WARN_64_TO_32_BIT_CONVERSION = YES;
				GCC_WARN_ABOUT_RETURN_TYPE = YES_ERROR;
				GCC_WARN_UNDECLARED_SELECTOR = YES;
				GCC_WARN_UNINITIALIZED_AUTOS = YES_AGGRESSIVE;
				GCC_WARN_UNUSED_FUNCTION = YES;
				GCC_WARN_UNUSED_VARIABLE = YES;
				IPHONEOS_DEPLOYMENT_TARGET = 16.4;
				MTL_ENABLE_DEBUG_INFO = INCLUDE_SOURCE;
				MTL_FAST_MATH = YES;
				ONLY_ACTIVE_ARCH = YES;
				SDKROOT = iphoneos;
				SWIFT_ACTIVE_COMPILATION_CONDITIONS = DEBUG;
				SWIFT_OPTIMIZATION_LEVEL = "-Onone";
			};
			name = Debug;
		};
		884CA9AB2A68214400133D9D /* Release */ = {
			isa = XCBuildConfiguration;
			buildSettings = {
				ALWAYS_SEARCH_USER_PATHS = NO;
				CLANG_ANALYZER_NONNULL = YES;
				CLANG_ANALYZER_NUMBER_OBJECT_CONVERSION = YES_AGGRESSIVE;
				CLANG_CXX_LANGUAGE_STANDARD = "gnu++20";
				CLANG_ENABLE_MODULES = YES;
				CLANG_ENABLE_OBJC_ARC = YES;
				CLANG_ENABLE_OBJC_WEAK = YES;
				CLANG_WARN_BLOCK_CAPTURE_AUTORELEASING = YES;
				CLANG_WARN_BOOL_CONVERSION = YES;
				CLANG_WARN_COMMA = YES;
				CLANG_WARN_CONSTANT_CONVERSION = YES;
				CLANG_WARN_DEPRECATED_OBJC_IMPLEMENTATIONS = YES;
				CLANG_WARN_DIRECT_OBJC_ISA_USAGE = YES_ERROR;
				CLANG_WARN_DOCUMENTATION_COMMENTS = YES;
				CLANG_WARN_EMPTY_BODY = YES;
				CLANG_WARN_ENUM_CONVERSION = YES;
				CLANG_WARN_INFINITE_RECURSION = YES;
				CLANG_WARN_INT_CONVERSION = YES;
				CLANG_WARN_NON_LITERAL_NULL_CONVERSION = YES;
				CLANG_WARN_OBJC_IMPLICIT_RETAIN_SELF = YES;
				CLANG_WARN_OBJC_LITERAL_CONVERSION = YES;
				CLANG_WARN_OBJC_ROOT_CLASS = YES_ERROR;
				CLANG_WARN_QUOTED_INCLUDE_IN_FRAMEWORK_HEADER = YES;
				CLANG_WARN_RANGE_LOOP_ANALYSIS = YES;
				CLANG_WARN_STRICT_PROTOTYPES = YES;
				CLANG_WARN_SUSPICIOUS_MOVE = YES;
				CLANG_WARN_UNGUARDED_AVAILABILITY = YES_AGGRESSIVE;
				CLANG_WARN_UNREACHABLE_CODE = YES;
				CLANG_WARN__DUPLICATE_METHOD_MATCH = YES;
				COPY_PHASE_STRIP = NO;
				DEBUG_INFORMATION_FORMAT = "dwarf-with-dsym";
				ENABLE_NS_ASSERTIONS = NO;
				ENABLE_STRICT_OBJC_MSGSEND = YES;
				GCC_C_LANGUAGE_STANDARD = gnu11;
				GCC_NO_COMMON_BLOCKS = YES;
				GCC_WARN_64_TO_32_BIT_CONVERSION = YES;
				GCC_WARN_ABOUT_RETURN_TYPE = YES_ERROR;
				GCC_WARN_UNDECLARED_SELECTOR = YES;
				GCC_WARN_UNINITIALIZED_AUTOS = YES_AGGRESSIVE;
				GCC_WARN_UNUSED_FUNCTION = YES;
				GCC_WARN_UNUSED_VARIABLE = YES;
				IPHONEOS_DEPLOYMENT_TARGET = 16.4;
				MTL_ENABLE_DEBUG_INFO = NO;
				MTL_FAST_MATH = YES;
				SDKROOT = iphoneos;
				SWIFT_COMPILATION_MODE = wholemodule;
				SWIFT_OPTIMIZATION_LEVEL = "-O";
				VALIDATE_PRODUCT = YES;
			};
			name = Release;
		};
		884CA9AD2A68214400133D9D /* Debug */ = {
			isa = XCBuildConfiguration;
			buildSettings = {
				ASSETCATALOG_COMPILER_APPICON_NAME = AppIcon;
				ASSETCATALOG_COMPILER_GLOBAL_ACCENT_COLOR_NAME = AccentColor;
				CODE_SIGN_STYLE = Automatic;
				CURRENT_PROJECT_VERSION = 1;
				GENERATE_INFOPLIST_FILE = YES;
				INFOPLIST_FILE = "Itika's Task/Info.plist";
				INFOPLIST_KEY_UIApplicationSupportsIndirectInputEvents = YES;
				INFOPLIST_KEY_UILaunchStoryboardName = LaunchScreen;
				INFOPLIST_KEY_UIMainStoryboardFile = Main;
				INFOPLIST_KEY_UISupportedInterfaceOrientations_iPad = "UIInterfaceOrientationPortrait UIInterfaceOrientationPortraitUpsideDown UIInterfaceOrientationLandscapeLeft UIInterfaceOrientationLandscapeRight";
				INFOPLIST_KEY_UISupportedInterfaceOrientations_iPhone = "UIInterfaceOrientationPortrait UIInterfaceOrientationLandscapeLeft UIInterfaceOrientationLandscapeRight";
				LD_RUNPATH_SEARCH_PATHS = (
					"$(inherited)",
					"@executable_path/Frameworks",
				);
				MARKETING_VERSION = 1.0;
				PRODUCT_BUNDLE_IDENTIFIER = "itika.com.Itika-s-Task";
				PRODUCT_NAME = "$(TARGET_NAME)";
				SWIFT_EMIT_LOC_STRINGS = YES;
				SWIFT_VERSION = 5.0;
				TARGETED_DEVICE_FAMILY = "1,2";
			};
			name = Debug;
		};
		884CA9AE2A68214400133D9D /* Release */ = {
			isa = XCBuildConfiguration;
			buildSettings = {
				ASSETCATALOG_COMPILER_APPICON_NAME = AppIcon;
				ASSETCATALOG_COMPILER_GLOBAL_ACCENT_COLOR_NAME = AccentColor;
				CODE_SIGN_STYLE = Automatic;
				CURRENT_PROJECT_VERSION = 1;
				GENERATE_INFOPLIST_FILE = YES;
				INFOPLIST_FILE = "Itika's Task/Info.plist";
				INFOPLIST_KEY_UIApplicationSupportsIndirectInputEvents = YES;
				INFOPLIST_KEY_UILaunchStoryboardName = LaunchScreen;
				INFOPLIST_KEY_UIMainStoryboardFile = Main;
				INFOPLIST_KEY_UISupportedInterfaceOrientations_iPad = "UIInterfaceOrientationPortrait UIInterfaceOrientationPortraitUpsideDown UIInterfaceOrientationLandscapeLeft UIInterfaceOrientationLandscapeRight";
				INFOPLIST_KEY_UISupportedInterfaceOrientations_iPhone = "UIInterfaceOrientationPortrait UIInterfaceOrientationLandscapeLeft UIInterfaceOrientationLandscapeRight";
				LD_RUNPATH_SEARCH_PATHS = (
					"$(inherited)",
					"@executable_path/Frameworks",
				);
				MARKETING_VERSION = 1.0;
				PRODUCT_BUNDLE_IDENTIFIER = "itika.com.Itika-s-Task";
				PRODUCT_NAME = "$(TARGET_NAME)";
				SWIFT_EMIT_LOC_STRINGS = YES;
				SWIFT_VERSION = 5.0;
				TARGETED_DEVICE_FAMILY = "1,2";
			};
			name = Release;
		};
/* End XCBuildConfiguration section */

/* Begin XCConfigurationList section */
		884CA9932A68214300133D9D /* Build configuration list for PBXProject "Itika's Task" */ = {
			isa = XCConfigurationList;
			buildConfigurations = (
				884CA9AA2A68214400133D9D /* Debug */,
				884CA9AB2A68214400133D9D /* Release */,
			);
			defaultConfigurationIsVisible = 0;
			defaultConfigurationName = Release;
		};
		884CA9AC2A68214400133D9D /* Build configuration list for PBXNativeTarget "Itika's Task" */ = {
			isa = XCConfigurationList;
			buildConfigurations = (
				884CA9AD2A68214400133D9D /* Debug */,
				884CA9AE2A68214400133D9D /* Release */,
			);
			defaultConfigurationIsVisible = 0;
			defaultConfigurationName = Release;
		};
/* End XCConfigurationList section */
	};
	rootObject = 884CA9902A68214300133D9D /* Project object */;
}
